
Microsoft Visual Studio Solution File, Format Version 12.00
# Visual Studio 14
VisualStudioVersion = 14.0.25123.0
MinimumVisualStudioVersion = 10.0.40219.1
Project("{FAE04EC0-301F-11D3-BF4B-00C04F79EFBC}") = "IAG_API_Server", "IAG_API_Server\IAG_API_Server.csproj", "{A422FE4E-6301-4778-A55A-D6B122484F4B}"
EndProject
Global
	GlobalSection(SolutionConfigurationPlatforms) = preSolution
		Debug|Any CPU = Debug|Any CPU
		Release|Any CPU = Release|Any CPU
	EndGlobalSection
	GlobalSection(ProjectConfigurationPlatforms) = postSolution
		{A422FE4E-6301-4778-A55A-D6B122484F4B}.Debug|Any CPU.ActiveCfg = Debug|Any CPU
		{A422FE4E-6301-4778-A55A-D6B122484F4B}.Debug|Any CPU.Build.0 = Debug|Any CPU
		{A422FE4E-6301-4778-A55A-D6B122484F4B}.Release|Any CPU.ActiveCfg = Release|Any CPU
		{A422FE4E-6301-4778-A55A-D6B122484F4B}.Release|Any CPU.Build.0 = Release|Any CPU
	EndGlobalSection
	GlobalSection(SolutionProperties) = preSolution
		HideSolutionNode = FALSE
	EndGlobalSection
EndGlobal
