
Microsoft Visual Studio Solution File, Format Version 12.00
# Visual Studio 15
VisualStudioVersion = 15.0.26730.8
MinimumVisualStudioVersion = 10.0.40219.1
Project("{FAE04EC0-301F-11D3-BF4B-00C04F79EFBC}") = "IranAudioGuide_MainServer", "IranAudioGuide_MainServer\IranAudioGuide_MainServer.csproj", "{57D05B8F-48A0-4420-9B24-0CEAA6FFD238}"
EndProject
Project("{2150E333-8FDC-42A3-9474-1A3956D46DE8}") = "Solution Items", "Solution Items", "{B14D0DA4-EB08-4D2C-868E-CCF58D53CB8B}"
	ProjectSection(SolutionItems) = preProject
		WebEssentials2015-Settings.json = WebEssentials2015-Settings.json
	EndProjectSection
EndProject
Project("{FAE04EC0-301F-11D3-BF4B-00C04F79EFBC}") = "BankMellatLibrary", "BankMellatLibrary\BankMellatLibrary.csproj", "{48809730-4BC9-4D32-872A-961B6BF967D5}"
EndProject
Global
	GlobalSection(SolutionConfigurationPlatforms) = preSolution
		Debug|Any CPU = Debug|Any CPU
		Release|Any CPU = Release|Any CPU
	EndGlobalSection
	GlobalSection(ProjectConfigurationPlatforms) = postSolution
		{57D05B8F-48A0-4420-9B24-0CEAA6FFD238}.Debug|Any CPU.ActiveCfg = Debug|Any CPU
		{57D05B8F-48A0-4420-9B24-0CEAA6FFD238}.Debug|Any CPU.Build.0 = Debug|Any CPU
		{57D05B8F-48A0-4420-9B24-0CEAA6FFD238}.Release|Any CPU.ActiveCfg = Release|Any CPU
		{57D05B8F-48A0-4420-9B24-0CEAA6FFD238}.Release|Any CPU.Build.0 = Release|Any CPU
		{48809730-4BC9-4D32-872A-961B6BF967D5}.Debug|Any CPU.ActiveCfg = Debug|Any CPU
		{48809730-4BC9-4D32-872A-961B6BF967D5}.Debug|Any CPU.Build.0 = Debug|Any CPU
		{48809730-4BC9-4D32-872A-961B6BF967D5}.Release|Any CPU.ActiveCfg = Release|Any CPU
		{48809730-4BC9-4D32-872A-961B6BF967D5}.Release|Any CPU.Build.0 = Release|Any CPU
	EndGlobalSection
	GlobalSection(SolutionProperties) = preSolution
		HideSolutionNode = FALSE
	EndGlobalSection
	GlobalSection(ExtensibilityGlobals) = postSolution
		SolutionGuid = {348F57FC-4D6B-48ED-9B93-02A6A437212C}
	EndGlobalSection
EndGlobal
